
Microsoft Visual Studio Solution File, Format Version 12.00
# Visual Studio Version 16
VisualStudioVersion = 16.0.31624.102
MinimumVisualStudioVersion = 10.0.40219.1
Project("{FAE04EC0-301F-11D3-BF4B-00C04F79EFBC}") = "Lab8", "Lab8\Lab8.csproj", "{D7C2137F-90D3-4007-B04E-E9B24A982BF5}"
EndProject
Project("{FAE04EC0-301F-11D3-BF4B-00C04F79EFBC}") = "Lab8.Tests", "Lab8.Tests\Lab8.Tests.csproj", "{898AC7C9-F526-4155-A8EC-7B73FD882858}"
EndProject
Global
	GlobalSection(SolutionConfigurationPlatforms) = preSolution
		Debug|Any CPU = Debug|Any CPU
		Release|Any CPU = Release|Any CPU
	EndGlobalSection
	GlobalSection(ProjectConfigurationPlatforms) = postSolution
		{D7C2137F-90D3-4007-B04E-E9B24A982BF5}.Debug|Any CPU.ActiveCfg = Debug|Any CPU
		{D7C2137F-90D3-4007-B04E-E9B24A982BF5}.Debug|Any CPU.Build.0 = Debug|Any CPU
		{D7C2137F-90D3-4007-B04E-E9B24A982BF5}.Release|Any CPU.ActiveCfg = Release|Any CPU
		{D7C2137F-90D3-4007-B04E-E9B24A982BF5}.Release|Any CPU.Build.0 = Release|Any CPU
		{898AC7C9-F526-4155-A8EC-7B73FD882858}.Debug|Any CPU.ActiveCfg = Debug|Any CPU
		{898AC7C9-F526-4155-A8EC-7B73FD882858}.Debug|Any CPU.Build.0 = Debug|Any CPU
		{898AC7C9-F526-4155-A8EC-7B73FD882858}.Release|Any CPU.ActiveCfg = Release|Any CPU
		{898AC7C9-F526-4155-A8EC-7B73FD882858}.Release|Any CPU.Build.0 = Release|Any CPU
	EndGlobalSection
	GlobalSection(SolutionProperties) = preSolution
		HideSolutionNode = FALSE
	EndGlobalSection
	GlobalSection(ExtensibilityGlobals) = postSolution
		SolutionGuid = {A3C31FF0-4C06-4C98-B028-5BE9B4B7AA53}
	EndGlobalSection
EndGlobal
